
Microsoft Visual Studio Solution File, Format Version 12.00
# Visual Studio 15
VisualStudioVersion = 15.0.26430.12
MinimumVisualStudioVersion = 10.0.40219.1
Project("{FAE04EC0-301F-11D3-BF4B-00C04F79EFBC}") = "ActivFlex Media", "ActivFlex Media\ActivFlex Media.csproj", "{4FA28709-82C2-4D24-87E4-8E6B27CFBF8E}"
	ProjectSection(ProjectDependencies) = postProject
		{4E64BB08-3850-40E4-BDF0-2D6A21E62537} = {4E64BB08-3850-40E4-BDF0-2D6A21E62537}
	EndProjectSection
EndProject
Project("{FAE04EC0-301F-11D3-BF4B-00C04F79EFBC}") = "ActivFlex Core", "ActivFlex Core\ActivFlex Core.csproj", "{4E64BB08-3850-40E4-BDF0-2D6A21E62537}"
EndProject
Global
	GlobalSection(SolutionConfigurationPlatforms) = preSolution
		Debug|Any CPU = Debug|Any CPU
		Release|Any CPU = Release|Any CPU
	EndGlobalSection
	GlobalSection(ProjectConfigurationPlatforms) = postSolution
		{4FA28709-82C2-4D24-87E4-8E6B27CFBF8E}.Debug|Any CPU.ActiveCfg = Debug|Any CPU
		{4FA28709-82C2-4D24-87E4-8E6B27CFBF8E}.Debug|Any CPU.Build.0 = Debug|Any CPU
		{4FA28709-82C2-4D24-87E4-8E6B27CFBF8E}.Release|Any CPU.ActiveCfg = Release|Any CPU
		{4FA28709-82C2-4D24-87E4-8E6B27CFBF8E}.Release|Any CPU.Build.0 = Release|Any CPU
		{4E64BB08-3850-40E4-BDF0-2D6A21E62537}.Debug|Any CPU.ActiveCfg = Debug|Any CPU
		{4E64BB08-3850-40E4-BDF0-2D6A21E62537}.Debug|Any CPU.Build.0 = Debug|Any CPU
		{4E64BB08-3850-40E4-BDF0-2D6A21E62537}.Release|Any CPU.ActiveCfg = Release|Any CPU
		{4E64BB08-3850-40E4-BDF0-2D6A21E62537}.Release|Any CPU.Build.0 = Release|Any CPU
	EndGlobalSection
	GlobalSection(SolutionProperties) = preSolution
		HideSolutionNode = FALSE
	EndGlobalSection
EndGlobal
